# generated by rye
# use `rye lock` or `rye sync` to update this lockfile
#
# last locked with the following flags:
#   pre: false
#   features: []
#   all-features: false

-e file:.
annotated-types==0.5.0
dnspython==2.4.1
email-validator==2.0.0.post2
idna==3.4
pydantic==2.1.1
pydantic-core==2.4.0
typing-extensions==4.7.1
